
Microsoft Visual Studio Solution File, Format Version 12.00
# Visual Studio Version 17
VisualStudioVersion = 17.7.34024.191
MinimumVisualStudioVersion = 10.0.40219.1
Project("{FAE04EC0-301F-11D3-BF4B-00C04F79EFBC}") = "3.11 Hw.Web", "3.11 Hw.Web\3.11 Hw.Web.csproj", "{A5F39409-7B74-4F12-893A-2C0142ED4791}"
EndProject
Project("{FAE04EC0-301F-11D3-BF4B-00C04F79EFBC}") = "3.11 Hw.Data", "3.11 Hw.Data\3.11 Hw.Data.csproj", "{9EACB00A-6767-4565-AA30-C4829CCF857D}"
EndProject
Global
	GlobalSection(SolutionConfigurationPlatforms) = preSolution
		Debug|Any CPU = Debug|Any CPU
		Release|Any CPU = Release|Any CPU
	EndGlobalSection
	GlobalSection(ProjectConfigurationPlatforms) = postSolution
		{A5F39409-7B74-4F12-893A-2C0142ED4791}.Debug|Any CPU.ActiveCfg = Debug|Any CPU
		{A5F39409-7B74-4F12-893A-2C0142ED4791}.Debug|Any CPU.Build.0 = Debug|Any CPU
		{A5F39409-7B74-4F12-893A-2C0142ED4791}.Release|Any CPU.ActiveCfg = Release|Any CPU
		{A5F39409-7B74-4F12-893A-2C0142ED4791}.Release|Any CPU.Build.0 = Release|Any CPU
		{9EACB00A-6767-4565-AA30-C4829CCF857D}.Debug|Any CPU.ActiveCfg = Debug|Any CPU
		{9EACB00A-6767-4565-AA30-C4829CCF857D}.Debug|Any CPU.Build.0 = Debug|Any CPU
		{9EACB00A-6767-4565-AA30-C4829CCF857D}.Release|Any CPU.ActiveCfg = Release|Any CPU
		{9EACB00A-6767-4565-AA30-C4829CCF857D}.Release|Any CPU.Build.0 = Release|Any CPU
	EndGlobalSection
	GlobalSection(SolutionProperties) = preSolution
		HideSolutionNode = FALSE
	EndGlobalSection
	GlobalSection(ExtensibilityGlobals) = postSolution
		SolutionGuid = {99DEFFED-8389-4D5B-9738-805993EF2C1E}
	EndGlobalSection
EndGlobal
